
Microsoft Visual Studio Solution File, Format Version 12.00
# Visual Studio Version 16
VisualStudioVersion = 16.0.29324.140
MinimumVisualStudioVersion = 10.0.40219.1
Project("{9A19103F-16F7-4668-BE54-9A1E7A4F7556}") = "LearningBlazor", "LearningBlazor\LearningBlazor.csproj", "{2866898E-65A9-41E3-871B-2C38A1A76153}"
EndProject
Project("{9A19103F-16F7-4668-BE54-9A1E7A4F7556}") = "LearningBlazor.Tests", "LearningBlazor.Tests\LearningBlazor.Tests.csproj", "{087AC765-81EC-4AE4-811F-AD0277BFC16C}"
EndProject
Project("{9A19103F-16F7-4668-BE54-9A1E7A4F7556}") = "Microsoft.AspNetCore.Components.Testing", "Microsoft.AspNetCore.Components.Testing\Microsoft.AspNetCore.Components.Testing.csproj", "{4E7FE502-6A5C-4F44-9859-800CDEAA3684}"
EndProject
Global
	GlobalSection(SolutionConfigurationPlatforms) = preSolution
		Debug|Any CPU = Debug|Any CPU
		Release|Any CPU = Release|Any CPU
	EndGlobalSection
	GlobalSection(ProjectConfigurationPlatforms) = postSolution
		{2866898E-65A9-41E3-871B-2C38A1A76153}.Debug|Any CPU.ActiveCfg = Debug|Any CPU
		{2866898E-65A9-41E3-871B-2C38A1A76153}.Debug|Any CPU.Build.0 = Debug|Any CPU
		{2866898E-65A9-41E3-871B-2C38A1A76153}.Release|Any CPU.ActiveCfg = Release|Any CPU
		{2866898E-65A9-41E3-871B-2C38A1A76153}.Release|Any CPU.Build.0 = Release|Any CPU
		{087AC765-81EC-4AE4-811F-AD0277BFC16C}.Debug|Any CPU.ActiveCfg = Debug|Any CPU
		{087AC765-81EC-4AE4-811F-AD0277BFC16C}.Debug|Any CPU.Build.0 = Debug|Any CPU
		{087AC765-81EC-4AE4-811F-AD0277BFC16C}.Release|Any CPU.ActiveCfg = Release|Any CPU
		{087AC765-81EC-4AE4-811F-AD0277BFC16C}.Release|Any CPU.Build.0 = Release|Any CPU
		{4E7FE502-6A5C-4F44-9859-800CDEAA3684}.Debug|Any CPU.ActiveCfg = Debug|Any CPU
		{4E7FE502-6A5C-4F44-9859-800CDEAA3684}.Debug|Any CPU.Build.0 = Debug|Any CPU
		{4E7FE502-6A5C-4F44-9859-800CDEAA3684}.Release|Any CPU.ActiveCfg = Release|Any CPU
		{4E7FE502-6A5C-4F44-9859-800CDEAA3684}.Release|Any CPU.Build.0 = Release|Any CPU
	EndGlobalSection
	GlobalSection(SolutionProperties) = preSolution
		HideSolutionNode = FALSE
	EndGlobalSection
	GlobalSection(ExtensibilityGlobals) = postSolution
		SolutionGuid = {1238CDA9-F456-415F-867C-03CC6872AA49}
	EndGlobalSection
EndGlobal
